
Microsoft Visual Studio Solution File, Format Version 12.00
# Visual Studio Version 17
VisualStudioVersion = 17.8.34309.116
MinimumVisualStudioVersion = 10.0.40219.1
Project("{FAE04EC0-301F-11D3-BF4B-00C04F79EFBC}") = "AzureSignalRServerlessChat", "AzureSignalRServerlessChat\AzureSignalRServerlessChat.csproj", "{0D25B77C-9E57-4CD4-994A-64C450847F7F}"
EndProject
Project("{FAE04EC0-301F-11D3-BF4B-00C04F79EFBC}") = "AzureSignalRServerlessChat2", "AzureSignalRServerlessChat2\AzureSignalRServerlessChat2.csproj", "{C07AEB08-DE5D-4C67-A6B8-C14034D16EB8}"
EndProject
Global
	GlobalSection(SolutionConfigurationPlatforms) = preSolution
		Debug|Any CPU = Debug|Any CPU
		Release|Any CPU = Release|Any CPU
	EndGlobalSection
	GlobalSection(ProjectConfigurationPlatforms) = postSolution
		{0D25B77C-9E57-4CD4-994A-64C450847F7F}.Debug|Any CPU.ActiveCfg = Debug|Any CPU
		{0D25B77C-9E57-4CD4-994A-64C450847F7F}.Debug|Any CPU.Build.0 = Debug|Any CPU
		{0D25B77C-9E57-4CD4-994A-64C450847F7F}.Release|Any CPU.ActiveCfg = Release|Any CPU
		{0D25B77C-9E57-4CD4-994A-64C450847F7F}.Release|Any CPU.Build.0 = Release|Any CPU
		{C07AEB08-DE5D-4C67-A6B8-C14034D16EB8}.Debug|Any CPU.ActiveCfg = Debug|Any CPU
		{C07AEB08-DE5D-4C67-A6B8-C14034D16EB8}.Debug|Any CPU.Build.0 = Debug|Any CPU
		{C07AEB08-DE5D-4C67-A6B8-C14034D16EB8}.Release|Any CPU.ActiveCfg = Release|Any CPU
		{C07AEB08-DE5D-4C67-A6B8-C14034D16EB8}.Release|Any CPU.Build.0 = Release|Any CPU
	EndGlobalSection
	GlobalSection(SolutionProperties) = preSolution
		HideSolutionNode = FALSE
	EndGlobalSection
	GlobalSection(ExtensibilityGlobals) = postSolution
		SolutionGuid = {36E8000E-CBBA-4DEE-A818-750B0510C922}
	EndGlobalSection
EndGlobal
